
Microsoft Visual Studio Solution File, Format Version 12.00
Project("{FAE04EC0-301F-11D3-BF4B-00C04F79EFBC}") = "HygieiaApp", "HygieiaApp\HygieiaApp.csproj", "{6DADA1EE-A553-483F-BFEA-003F422C0E96}"
EndProject
Project("{FAE04EC0-301F-11D3-BF4B-00C04F79EFBC}") = "HygieiaApp.Razor", "HygieiaApp.Razor\HygieiaApp.Razor.csproj", "{74B4C33D-994D-49B9-B6DF-501323F92FC4}"
EndProject
Global
	GlobalSection(SolutionConfigurationPlatforms) = preSolution
		Debug|Any CPU = Debug|Any CPU
		Release|Any CPU = Release|Any CPU
	EndGlobalSection
	GlobalSection(ProjectConfigurationPlatforms) = postSolution
		{6DADA1EE-A553-483F-BFEA-003F422C0E96}.Debug|Any CPU.ActiveCfg = Debug|Any CPU
		{6DADA1EE-A553-483F-BFEA-003F422C0E96}.Debug|Any CPU.Build.0 = Debug|Any CPU
		{6DADA1EE-A553-483F-BFEA-003F422C0E96}.Release|Any CPU.ActiveCfg = Release|Any CPU
		{6DADA1EE-A553-483F-BFEA-003F422C0E96}.Release|Any CPU.Build.0 = Release|Any CPU
		{74B4C33D-994D-49B9-B6DF-501323F92FC4}.Debug|Any CPU.ActiveCfg = Debug|Any CPU
		{74B4C33D-994D-49B9-B6DF-501323F92FC4}.Debug|Any CPU.Build.0 = Debug|Any CPU
		{74B4C33D-994D-49B9-B6DF-501323F92FC4}.Release|Any CPU.ActiveCfg = Release|Any CPU
		{74B4C33D-994D-49B9-B6DF-501323F92FC4}.Release|Any CPU.Build.0 = Release|Any CPU
	EndGlobalSection
EndGlobal
